
Microsoft Visual Studio Solution File, Format Version 11.00
# Visual Studio 2010
Project("{FAE04EC0-301F-11D3-BF4B-00C04F79EFBC}") = "test02", "test02\test02.csproj", "{8D420D96-ACF3-4835-B956-0AF22671D0C4}"
EndProject
Global
	GlobalSection(SolutionConfigurationPlatforms) = preSolution
		Debug|x86 = Debug|x86
		Release|x86 = Release|x86
	EndGlobalSection
	GlobalSection(ProjectConfigurationPlatforms) = postSolution
		{8D420D96-ACF3-4835-B956-0AF22671D0C4}.Debug|x86.ActiveCfg = Debug|x86
		{8D420D96-ACF3-4835-B956-0AF22671D0C4}.Debug|x86.Build.0 = Debug|x86
		{8D420D96-ACF3-4835-B956-0AF22671D0C4}.Release|x86.ActiveCfg = Release|x86
		{8D420D96-ACF3-4835-B956-0AF22671D0C4}.Release|x86.Build.0 = Release|x86
	EndGlobalSection
	GlobalSection(SolutionProperties) = preSolution
		HideSolutionNode = FALSE
	EndGlobalSection
EndGlobal
